// !$*UTF8*$!
{
	archiveVersion = 1;
	classes = {
	};
	objectVersion = 56;
	objects = {

/* Begin PBXBuildFile section */
		7402D2AC2B0C1CF200183682 /* Transaction.swift in Sources */ = {isa = PBXBuildFile; fileRef = 7402D2AB2B0C1CF200183682 /* Transaction.swift */; };
		741EA0E72B00144600E0AA09 /* CoffeeculeTDDApp.swift in Sources */ = {isa = PBXBuildFile; fileRef = 741EA0E62B00144600E0AA09 /* CoffeeculeTDDApp.swift */; };
		741EA0E92B00144600E0AA09 /* ContentView.swift in Sources */ = {isa = PBXBuildFile; fileRef = 741EA0E82B00144600E0AA09 /* ContentView.swift */; };
		741EA0EB2B00144700E0AA09 /* Assets.xcassets in Resources */ = {isa = PBXBuildFile; fileRef = 741EA0EA2B00144700E0AA09 /* Assets.xcassets */; };
		741EA0EE2B00144700E0AA09 /* Preview Assets.xcassets in Resources */ = {isa = PBXBuildFile; fileRef = 741EA0ED2B00144700E0AA09 /* Preview Assets.xcassets */; };
		741EA1132B00148D00E0AA09 /* CloudKitService.swift in Sources */ = {isa = PBXBuildFile; fileRef = 741EA1122B00148D00E0AA09 /* CloudKitService.swift */; };
		742F38212B1F628D00864FD3 /* View+If.swift in Sources */ = {isa = PBXBuildFile; fileRef = 742F38202B1F628D00864FD3 /* View+If.swift */; };
		742F38252B1F698500864FD3 /* CreateOrJoinView.swift in Sources */ = {isa = PBXBuildFile; fileRef = 742F38242B1F698400864FD3 /* CreateOrJoinView.swift */; };
		74495BFC2B01968800C1C7F7 /* Coffeecule.swift in Sources */ = {isa = PBXBuildFile; fileRef = 74495BFB2B01968800C1C7F7 /* Coffeecule.swift */; };
		74495BFE2B019AB600C1C7F7 /* DataContainer.swift in Sources */ = {isa = PBXBuildFile; fileRef = 74495BFD2B019AB600C1C7F7 /* DataContainer.swift */; };
		74495C042B02774C00C1C7F7 /* ChildRecord.swift in Sources */ = {isa = PBXBuildFile; fileRef = 74495C032B02774C00C1C7F7 /* ChildRecord.swift */; };
		74495C0A2B02D40700C1C7F7 /* MockRecord.swift in Sources */ = {isa = PBXBuildFile; fileRef = 74495C092B02D40700C1C7F7 /* MockRecord.swift */; };
		74495C0C2B02D42400C1C7F7 /* MockDatabase.swift in Sources */ = {isa = PBXBuildFile; fileRef = 74495C0B2B02D42400C1C7F7 /* MockDatabase.swift */; };
		74495C0E2B02D45800C1C7F7 /* MockDataContainer.swift in Sources */ = {isa = PBXBuildFile; fileRef = 74495C0D2B02D45800C1C7F7 /* MockDataContainer.swift */; };
		74495C102B02D47A00C1C7F7 /* MockChildRecord.swift in Sources */ = {isa = PBXBuildFile; fileRef = 74495C0F2B02D47A00C1C7F7 /* MockChildRecord.swift */; };
		74565F3B2B0FC2EB00458634 /* ContainerInfo.swift in Sources */ = {isa = PBXBuildFile; fileRef = 74565F3A2B0FC2EB00458634 /* ContainerInfo.swift */; };
		74565F3E2B0FC7B900458634 /* DebugCoffeeculeView.swift in Sources */ = {isa = PBXBuildFile; fileRef = 74565F3D2B0FC7B900458634 /* DebugCoffeeculeView.swift */; };
		747BFA002B041DFB00296BCC /* Relationship.swift in Sources */ = {isa = PBXBuildFile; fileRef = 747BF9FF2B041DFB00296BCC /* Relationship.swift */; };
		74A6DFFE2B07C6560076042D /* SecondMockRecord.swift in Sources */ = {isa = PBXBuildFile; fileRef = 74A6DFFD2B07C6560076042D /* SecondMockRecord.swift */; };
		74A6E0002B07C66A0076042D /* MockRecordWithTwoParents.swift in Sources */ = {isa = PBXBuildFile; fileRef = 74A6DFFF2B07C66A0076042D /* MockRecordWithTwoParents.swift */; };
		74A6E0022B07E33C0076042D /* MockRecordWithThreeParents.swift in Sources */ = {isa = PBXBuildFile; fileRef = 74A6E0012B07E33C0076042D /* MockRecordWithThreeParents.swift */; };
		74A7DD132B13C2DA00BE97FF /* AllMembersView.swift in Sources */ = {isa = PBXBuildFile; fileRef = 74A7DD032B13C2D900BE97FF /* AllMembersView.swift */; };
		74A7DD142B13C2DA00BE97FF /* MemberView.swift in Sources */ = {isa = PBXBuildFile; fileRef = 74A7DD042B13C2D900BE97FF /* MemberView.swift */; };
		74A7DD152B13C2DA00BE97FF /* CoffeeculeView.swift in Sources */ = {isa = PBXBuildFile; fileRef = 74A7DD052B13C2D900BE97FF /* CoffeeculeView.swift */; };
		74A7DD162B13C2DA00BE97FF /* SomeoneElseBuying.swift in Sources */ = {isa = PBXBuildFile; fileRef = 74A7DD062B13C2D900BE97FF /* SomeoneElseBuying.swift */; };
		74A7DD172B13C2DA00BE97FF /* ColorPickerDetail.swift in Sources */ = {isa = PBXBuildFile; fileRef = 74A7DD082B13C2D900BE97FF /* ColorPickerDetail.swift */; };
		74A7DD182B13C2DA00BE97FF /* CustomizeCupView.swift in Sources */ = {isa = PBXBuildFile; fileRef = 74A7DD092B13C2D900BE97FF /* CustomizeCupView.swift */; };
		74A7DD192B13C2DA00BE97FF /* CupView.swift in Sources */ = {isa = PBXBuildFile; fileRef = 74A7DD0A2B13C2D900BE97FF /* CupView.swift */; };
		74A7DD1A2B13C2DA00BE97FF /* CupPickerDetail.swift in Sources */ = {isa = PBXBuildFile; fileRef = 74A7DD0B2B13C2D900BE97FF /* CupPickerDetail.swift */; };
		74A7DD1C2B13C2DA00BE97FF /* TransactionHistory.swift in Sources */ = {isa = PBXBuildFile; fileRef = 74A7DD0E2B13C2D900BE97FF /* TransactionHistory.swift */; };
		74A7DD1D2B13C2DA00BE97FF /* TransactionHistoryDetail.swift in Sources */ = {isa = PBXBuildFile; fileRef = 74A7DD0F2B13C2D900BE97FF /* TransactionHistoryDetail.swift */; };
		74A7DD1E2B13C2DA00BE97FF /* RelationshipWeb.swift in Sources */ = {isa = PBXBuildFile; fileRef = 74A7DD102B13C2D900BE97FF /* RelationshipWeb.swift */; };
		74A7DD1F2B13C2DA00BE97FF /* HistoryView.swift in Sources */ = {isa = PBXBuildFile; fileRef = 74A7DD112B13C2D900BE97FF /* HistoryView.swift */; };
		74A7DD202B13C2DA00BE97FF /* RelationshipWebDetail.swift in Sources */ = {isa = PBXBuildFile; fileRef = 74A7DD122B13C2D900BE97FF /* RelationshipWebDetail.swift */; };
		74A7DD252B13C40200BE97FF /* MugIcon.swift in Sources */ = {isa = PBXBuildFile; fileRef = 74A7DD232B13C40200BE97FF /* MugIcon.swift */; };
		74A7DD262B13C40200BE97FF /* UserColor.swift in Sources */ = {isa = PBXBuildFile; fileRef = 74A7DD242B13C40200BE97FF /* UserColor.swift */; };
		74A7DD292B13C4D300BE97FF /* ChildSizeReader.swift in Sources */ = {isa = PBXBuildFile; fileRef = 74A7DD272B13C4D300BE97FF /* ChildSizeReader.swift */; };
		74A7DD2A2B13C4D300BE97FF /* EqualWidthVStack.swift in Sources */ = {isa = PBXBuildFile; fileRef = 74A7DD282B13C4D300BE97FF /* EqualWidthVStack.swift */; };
		74B139712B162C4F00683214 /* IsBuyingSheet.swift in Sources */ = {isa = PBXBuildFile; fileRef = 74B139702B162C4F00683214 /* IsBuyingSheet.swift */; };
		74B139752B17A42C00683214 /* View+OnChange.swift in Sources */ = {isa = PBXBuildFile; fileRef = 74B139742B17A42C00683214 /* View+OnChange.swift */; };
		74B139772B19066100683214 /* SelectCoffeeculeSheet.swift in Sources */ = {isa = PBXBuildFile; fileRef = 74B139762B19066000683214 /* SelectCoffeeculeSheet.swift */; };
		74B139792B1A27A100683214 /* AddPersonSheet.swift in Sources */ = {isa = PBXBuildFile; fileRef = 74B139782B1A27A100683214 /* AddPersonSheet.swift */; };
		74B1397B2B1A2AD300683214 /* DraggableSheet.swift in Sources */ = {isa = PBXBuildFile; fileRef = 74B1397A2B1A2AD300683214 /* DraggableSheet.swift */; };
		74D8DAF02B0016C7005811AD /* CloudKitServiceTests.swift in Sources */ = {isa = PBXBuildFile; fileRef = 74D8DAEF2B0016C7005811AD /* CloudKitServiceTests.swift */; };
		74D8DAF22B002DD6005811AD /* Record.swift in Sources */ = {isa = PBXBuildFile; fileRef = 74D8DAF12B002DD6005811AD /* Record.swift */; };
		74D8DAF42B003212005811AD /* User.swift in Sources */ = {isa = PBXBuildFile; fileRef = 74D8DAF32B003212005811AD /* User.swift */; };
		74D8DAF82B004564005811AD /* Database.swift in Sources */ = {isa = PBXBuildFile; fileRef = 74D8DAF72B004564005811AD /* Database.swift */; };
		74DF62E42B051C38001D82D7 /* CoffeeculeManagerTests.swift in Sources */ = {isa = PBXBuildFile; fileRef = 74DF62E32B051C38001D82D7 /* CoffeeculeManagerTests.swift */; };
		74DF62E62B051CC1001D82D7 /* CoffeeculeManager.swift in Sources */ = {isa = PBXBuildFile; fileRef = 74DF62E52B051CC1001D82D7 /* CoffeeculeManager.swift */; };
		74DF62E82B064E07001D82D7 /* CKServiceProtocol.swift in Sources */ = {isa = PBXBuildFile; fileRef = 74DF62E72B064E07001D82D7 /* CKServiceProtocol.swift */; };
		74DF62EA2B065925001D82D7 /* MockCKService.swift in Sources */ = {isa = PBXBuildFile; fileRef = 74DF62E92B065925001D82D7 /* MockCKService.swift */; };
/* End PBXBuildFile section */

/* Begin PBXContainerItemProxy section */
		74D8DAEA2B00169E005811AD /* PBXContainerItemProxy */ = {
			isa = PBXContainerItemProxy;
			containerPortal = 741EA0DB2B00144600E0AA09 /* Project object */;
			proxyType = 1;
			remoteGlobalIDString = 741EA0E22B00144600E0AA09;
			remoteInfo = CoffeeculeTDD;
		};
/* End PBXContainerItemProxy section */

/* Begin PBXFileReference section */
		7402D2AB2B0C1CF200183682 /* Transaction.swift */ = {isa = PBXFileReference; lastKnownFileType = sourcecode.swift; path = Transaction.swift; sourceTree = "<group>"; };
		741EA0E32B00144600E0AA09 /* CoffeeculeTDD.app */ = {isa = PBXFileReference; explicitFileType = wrapper.application; includeInIndex = 0; path = CoffeeculeTDD.app; sourceTree = BUILT_PRODUCTS_DIR; };
		741EA0E62B00144600E0AA09 /* CoffeeculeTDDApp.swift */ = {isa = PBXFileReference; lastKnownFileType = sourcecode.swift; path = CoffeeculeTDDApp.swift; sourceTree = "<group>"; };
		741EA0E82B00144600E0AA09 /* ContentView.swift */ = {isa = PBXFileReference; lastKnownFileType = sourcecode.swift; path = ContentView.swift; sourceTree = "<group>"; };
		741EA0EA2B00144700E0AA09 /* Assets.xcassets */ = {isa = PBXFileReference; lastKnownFileType = folder.assetcatalog; path = Assets.xcassets; sourceTree = "<group>"; };
		741EA0ED2B00144700E0AA09 /* Preview Assets.xcassets */ = {isa = PBXFileReference; lastKnownFileType = folder.assetcatalog; path = "Preview Assets.xcassets"; sourceTree = "<group>"; };
		741EA1122B00148D00E0AA09 /* CloudKitService.swift */ = {isa = PBXFileReference; lastKnownFileType = sourcecode.swift; path = CloudKitService.swift; sourceTree = "<group>"; };
		742F38202B1F628D00864FD3 /* View+If.swift */ = {isa = PBXFileReference; lastKnownFileType = sourcecode.swift; path = "View+If.swift"; sourceTree = "<group>"; };
		742F38242B1F698400864FD3 /* CreateOrJoinView.swift */ = {isa = PBXFileReference; lastKnownFileType = sourcecode.swift; path = CreateOrJoinView.swift; sourceTree = "<group>"; };
		74495BFB2B01968800C1C7F7 /* Coffeecule.swift */ = {isa = PBXFileReference; lastKnownFileType = sourcecode.swift; path = Coffeecule.swift; sourceTree = "<group>"; };
		74495BFD2B019AB600C1C7F7 /* DataContainer.swift */ = {isa = PBXFileReference; lastKnownFileType = sourcecode.swift; path = DataContainer.swift; sourceTree = "<group>"; };
		74495C032B02774C00C1C7F7 /* ChildRecord.swift */ = {isa = PBXFileReference; lastKnownFileType = sourcecode.swift; path = ChildRecord.swift; sourceTree = "<group>"; };
		74495C092B02D40700C1C7F7 /* MockRecord.swift */ = {isa = PBXFileReference; lastKnownFileType = sourcecode.swift; path = MockRecord.swift; sourceTree = "<group>"; };
		74495C0B2B02D42400C1C7F7 /* MockDatabase.swift */ = {isa = PBXFileReference; lastKnownFileType = sourcecode.swift; path = MockDatabase.swift; sourceTree = "<group>"; };
		74495C0D2B02D45800C1C7F7 /* MockDataContainer.swift */ = {isa = PBXFileReference; lastKnownFileType = sourcecode.swift; path = MockDataContainer.swift; sourceTree = "<group>"; };
		74495C0F2B02D47A00C1C7F7 /* MockChildRecord.swift */ = {isa = PBXFileReference; lastKnownFileType = sourcecode.swift; path = MockChildRecord.swift; sourceTree = "<group>"; };
		74565F3A2B0FC2EB00458634 /* ContainerInfo.swift */ = {isa = PBXFileReference; lastKnownFileType = sourcecode.swift; path = ContainerInfo.swift; sourceTree = "<group>"; };
		74565F3C2B0FC52300458634 /* CoffeeculeTDD.entitlements */ = {isa = PBXFileReference; lastKnownFileType = text.plist.entitlements; path = CoffeeculeTDD.entitlements; sourceTree = "<group>"; };
		74565F3D2B0FC7B900458634 /* DebugCoffeeculeView.swift */ = {isa = PBXFileReference; lastKnownFileType = sourcecode.swift; path = DebugCoffeeculeView.swift; sourceTree = "<group>"; };
		747BF9FF2B041DFB00296BCC /* Relationship.swift */ = {isa = PBXFileReference; lastKnownFileType = sourcecode.swift; path = Relationship.swift; sourceTree = "<group>"; };
		74A6DFFD2B07C6560076042D /* SecondMockRecord.swift */ = {isa = PBXFileReference; lastKnownFileType = sourcecode.swift; path = SecondMockRecord.swift; sourceTree = "<group>"; };
		74A6DFFF2B07C66A0076042D /* MockRecordWithTwoParents.swift */ = {isa = PBXFileReference; lastKnownFileType = sourcecode.swift; path = MockRecordWithTwoParents.swift; sourceTree = "<group>"; };
		74A6E0012B07E33C0076042D /* MockRecordWithThreeParents.swift */ = {isa = PBXFileReference; lastKnownFileType = sourcecode.swift; path = MockRecordWithThreeParents.swift; sourceTree = "<group>"; };
		74A7DD032B13C2D900BE97FF /* AllMembersView.swift */ = {isa = PBXFileReference; fileEncoding = 4; lastKnownFileType = sourcecode.swift; path = AllMembersView.swift; sourceTree = "<group>"; };
		74A7DD042B13C2D900BE97FF /* MemberView.swift */ = {isa = PBXFileReference; fileEncoding = 4; lastKnownFileType = sourcecode.swift; path = MemberView.swift; sourceTree = "<group>"; };
		74A7DD052B13C2D900BE97FF /* CoffeeculeView.swift */ = {isa = PBXFileReference; fileEncoding = 4; lastKnownFileType = sourcecode.swift; path = CoffeeculeView.swift; sourceTree = "<group>"; };
		74A7DD062B13C2D900BE97FF /* SomeoneElseBuying.swift */ = {isa = PBXFileReference; fileEncoding = 4; lastKnownFileType = sourcecode.swift; path = SomeoneElseBuying.swift; sourceTree = "<group>"; };
		74A7DD082B13C2D900BE97FF /* ColorPickerDetail.swift */ = {isa = PBXFileReference; fileEncoding = 4; lastKnownFileType = sourcecode.swift; path = ColorPickerDetail.swift; sourceTree = "<group>"; };
		74A7DD092B13C2D900BE97FF /* CustomizeCupView.swift */ = {isa = PBXFileReference; fileEncoding = 4; lastKnownFileType = sourcecode.swift; path = CustomizeCupView.swift; sourceTree = "<group>"; };
		74A7DD0A2B13C2D900BE97FF /* CupView.swift */ = {isa = PBXFileReference; fileEncoding = 4; lastKnownFileType = sourcecode.swift; path = CupView.swift; sourceTree = "<group>"; };
		74A7DD0B2B13C2D900BE97FF /* CupPickerDetail.swift */ = {isa = PBXFileReference; fileEncoding = 4; lastKnownFileType = sourcecode.swift; path = CupPickerDetail.swift; sourceTree = "<group>"; };
		74A7DD0E2B13C2D900BE97FF /* TransactionHistory.swift */ = {isa = PBXFileReference; fileEncoding = 4; lastKnownFileType = sourcecode.swift; path = TransactionHistory.swift; sourceTree = "<group>"; };
		74A7DD0F2B13C2D900BE97FF /* TransactionHistoryDetail.swift */ = {isa = PBXFileReference; fileEncoding = 4; lastKnownFileType = sourcecode.swift; path = TransactionHistoryDetail.swift; sourceTree = "<group>"; };
		74A7DD102B13C2D900BE97FF /* RelationshipWeb.swift */ = {isa = PBXFileReference; fileEncoding = 4; lastKnownFileType = sourcecode.swift; path = RelationshipWeb.swift; sourceTree = "<group>"; };
		74A7DD112B13C2D900BE97FF /* HistoryView.swift */ = {isa = PBXFileReference; fileEncoding = 4; lastKnownFileType = sourcecode.swift; path = HistoryView.swift; sourceTree = "<group>"; };
		74A7DD122B13C2D900BE97FF /* RelationshipWebDetail.swift */ = {isa = PBXFileReference; fileEncoding = 4; lastKnownFileType = sourcecode.swift; path = RelationshipWebDetail.swift; sourceTree = "<group>"; };
		74A7DD232B13C40200BE97FF /* MugIcon.swift */ = {isa = PBXFileReference; fileEncoding = 4; lastKnownFileType = sourcecode.swift; path = MugIcon.swift; sourceTree = "<group>"; };
		74A7DD242B13C40200BE97FF /* UserColor.swift */ = {isa = PBXFileReference; fileEncoding = 4; lastKnownFileType = sourcecode.swift; path = UserColor.swift; sourceTree = "<group>"; };
		74A7DD272B13C4D300BE97FF /* ChildSizeReader.swift */ = {isa = PBXFileReference; fileEncoding = 4; lastKnownFileType = sourcecode.swift; path = ChildSizeReader.swift; sourceTree = "<group>"; };
		74A7DD282B13C4D300BE97FF /* EqualWidthVStack.swift */ = {isa = PBXFileReference; fileEncoding = 4; lastKnownFileType = sourcecode.swift; path = EqualWidthVStack.swift; sourceTree = "<group>"; };
		74B139702B162C4F00683214 /* IsBuyingSheet.swift */ = {isa = PBXFileReference; lastKnownFileType = sourcecode.swift; path = IsBuyingSheet.swift; sourceTree = "<group>"; };
		74B139742B17A42C00683214 /* View+OnChange.swift */ = {isa = PBXFileReference; lastKnownFileType = sourcecode.swift; path = "View+OnChange.swift"; sourceTree = "<group>"; };
		74B139762B19066000683214 /* SelectCoffeeculeSheet.swift */ = {isa = PBXFileReference; lastKnownFileType = sourcecode.swift; path = SelectCoffeeculeSheet.swift; sourceTree = "<group>"; };
		74B139782B1A27A100683214 /* AddPersonSheet.swift */ = {isa = PBXFileReference; lastKnownFileType = sourcecode.swift; path = AddPersonSheet.swift; sourceTree = "<group>"; };
		74B1397A2B1A2AD300683214 /* DraggableSheet.swift */ = {isa = PBXFileReference; lastKnownFileType = sourcecode.swift; path = DraggableSheet.swift; sourceTree = "<group>"; };
		74D8DAE62B00169E005811AD /* CoffeeculeTDDTests.xctest */ = {isa = PBXFileReference; explicitFileType = wrapper.cfbundle; includeInIndex = 0; path = CoffeeculeTDDTests.xctest; sourceTree = BUILT_PRODUCTS_DIR; };
		74D8DAEF2B0016C7005811AD /* CloudKitServiceTests.swift */ = {isa = PBXFileReference; lastKnownFileType = sourcecode.swift; path = CloudKitServiceTests.swift; sourceTree = "<group>"; };
		74D8DAF12B002DD6005811AD /* Record.swift */ = {isa = PBXFileReference; lastKnownFileType = sourcecode.swift; path = Record.swift; sourceTree = "<group>"; };
		74D8DAF32B003212005811AD /* User.swift */ = {isa = PBXFileReference; lastKnownFileType = sourcecode.swift; path = User.swift; sourceTree = "<group>"; };
		74D8DAF72B004564005811AD /* Database.swift */ = {isa = PBXFileReference; lastKnownFileType = sourcecode.swift; path = Database.swift; sourceTree = "<group>"; };
		74DF62E32B051C38001D82D7 /* CoffeeculeManagerTests.swift */ = {isa = PBXFileReference; lastKnownFileType = sourcecode.swift; path = CoffeeculeManagerTests.swift; sourceTree = "<group>"; };
		74DF62E52B051CC1001D82D7 /* CoffeeculeManager.swift */ = {isa = PBXFileReference; lastKnownFileType = sourcecode.swift; path = CoffeeculeManager.swift; sourceTree = "<group>"; };
		74DF62E72B064E07001D82D7 /* CKServiceProtocol.swift */ = {isa = PBXFileReference; lastKnownFileType = sourcecode.swift; path = CKServiceProtocol.swift; sourceTree = "<group>"; };
		74DF62E92B065925001D82D7 /* MockCKService.swift */ = {isa = PBXFileReference; lastKnownFileType = sourcecode.swift; path = MockCKService.swift; sourceTree = "<group>"; };
/* End PBXFileReference section */

/* Begin PBXFrameworksBuildPhase section */
		741EA0E02B00144600E0AA09 /* Frameworks */ = {
			isa = PBXFrameworksBuildPhase;
			buildActionMask = 2147483647;
			files = (
			);
			runOnlyForDeploymentPostprocessing = 0;
		};
		74D8DAE32B00169E005811AD /* Frameworks */ = {
			isa = PBXFrameworksBuildPhase;
			buildActionMask = 2147483647;
			files = (
			);
			runOnlyForDeploymentPostprocessing = 0;
		};
/* End PBXFrameworksBuildPhase section */

/* Begin PBXGroup section */
		7402D2AA2B0BB19F00183682 /* MockRecords */ = {
			isa = PBXGroup;
			children = (
				74495C092B02D40700C1C7F7 /* MockRecord.swift */,
				74A6DFFD2B07C6560076042D /* SecondMockRecord.swift */,
				74495C0F2B02D47A00C1C7F7 /* MockChildRecord.swift */,
				74A6DFFF2B07C66A0076042D /* MockRecordWithTwoParents.swift */,
				74A6E0012B07E33C0076042D /* MockRecordWithThreeParents.swift */,
			);
			path = MockRecords;
			sourceTree = "<group>";
		};
		741EA0DA2B00144600E0AA09 = {
			isa = PBXGroup;
			children = (
				741EA0E52B00144600E0AA09 /* CoffeeculeTDD */,
				74D8DAE72B00169E005811AD /* CoffeeculeTDDTests */,
				741EA0E42B00144600E0AA09 /* Products */,
			);
			sourceTree = "<group>";
		};
		741EA0E42B00144600E0AA09 /* Products */ = {
			isa = PBXGroup;
			children = (
				741EA0E32B00144600E0AA09 /* CoffeeculeTDD.app */,
				74D8DAE62B00169E005811AD /* CoffeeculeTDDTests.xctest */,
			);
			name = Products;
			sourceTree = "<group>";
		};
		741EA0E52B00144600E0AA09 /* CoffeeculeTDD */ = {
			isa = PBXGroup;
			children = (
				74565F3C2B0FC52300458634 /* CoffeeculeTDD.entitlements */,
				741EA0E62B00144600E0AA09 /* CoffeeculeTDDApp.swift */,
				74A7DD212B13C2EC00BE97FF /* Views */,
				74495C022B026DDD00C1C7F7 /* Models */,
				74DF62E52B051CC1001D82D7 /* CoffeeculeManager.swift */,
				741EA1122B00148D00E0AA09 /* CloudKitService.swift */,
				741EA0EA2B00144700E0AA09 /* Assets.xcassets */,
				741EA0EC2B00144700E0AA09 /* Preview Content */,
			);
			path = CoffeeculeTDD;
			sourceTree = "<group>";
		};
		741EA0EC2B00144700E0AA09 /* Preview Content */ = {
			isa = PBXGroup;
			children = (
				741EA0ED2B00144700E0AA09 /* Preview Assets.xcassets */,
			);
			path = "Preview Content";
			sourceTree = "<group>";
		};
		74495BFF2B026DC800C1C7F7 /* Protocols */ = {
			isa = PBXGroup;
			children = (
				74D8DAF12B002DD6005811AD /* Record.swift */,
				74495C032B02774C00C1C7F7 /* ChildRecord.swift */,
				74DF62E72B064E07001D82D7 /* CKServiceProtocol.swift */,
				74495BFD2B019AB600C1C7F7 /* DataContainer.swift */,
				74D8DAF72B004564005811AD /* Database.swift */,
			);
			path = Protocols;
			sourceTree = "<group>";
		};
		74495C022B026DDD00C1C7F7 /* Models */ = {
			isa = PBXGroup;
			children = (
				74A7DD232B13C40200BE97FF /* MugIcon.swift */,
				74A7DD242B13C40200BE97FF /* UserColor.swift */,
				74495BFB2B01968800C1C7F7 /* Coffeecule.swift */,
				74565F3A2B0FC2EB00458634 /* ContainerInfo.swift */,
				74D8DAF32B003212005811AD /* User.swift */,
				747BF9FF2B041DFB00296BCC /* Relationship.swift */,
				7402D2AB2B0C1CF200183682 /* Transaction.swift */,
				74495BFF2B026DC800C1C7F7 /* Protocols */,
			);
			path = Models;
			sourceTree = "<group>";
		};
		74A7DD072B13C2D900BE97FF /* Cups */ = {
			isa = PBXGroup;
			children = (
				74A7DD092B13C2D900BE97FF /* CustomizeCupView.swift */,
				74A7DD0B2B13C2D900BE97FF /* CupPickerDetail.swift */,
				74A7DD082B13C2D900BE97FF /* ColorPickerDetail.swift */,
				74A7DD0A2B13C2D900BE97FF /* CupView.swift */,
			);
			path = Cups;
			sourceTree = "<group>";
		};
		74A7DD0D2B13C2D900BE97FF /* History */ = {
			isa = PBXGroup;
			children = (
				74A7DD0E2B13C2D900BE97FF /* TransactionHistory.swift */,
				74A7DD0F2B13C2D900BE97FF /* TransactionHistoryDetail.swift */,
				74A7DD102B13C2D900BE97FF /* RelationshipWeb.swift */,
				74A7DD112B13C2D900BE97FF /* HistoryView.swift */,
				74A7DD122B13C2D900BE97FF /* RelationshipWebDetail.swift */,
			);
			path = History;
			sourceTree = "<group>";
		};
		74A7DD212B13C2EC00BE97FF /* Views */ = {
			isa = PBXGroup;
			children = (
				741EA0E82B00144600E0AA09 /* ContentView.swift */,
				74A7DD052B13C2D900BE97FF /* CoffeeculeView.swift */,
				74A7DD032B13C2D900BE97FF /* AllMembersView.swift */,
				74B139702B162C4F00683214 /* IsBuyingSheet.swift */,
				74B1397A2B1A2AD300683214 /* DraggableSheet.swift */,
				74B139762B19066000683214 /* SelectCoffeeculeSheet.swift */,
				742F38242B1F698400864FD3 /* CreateOrJoinView.swift */,
				74B139782B1A27A100683214 /* AddPersonSheet.swift */,
				74A7DD062B13C2D900BE97FF /* SomeoneElseBuying.swift */,
				74A7DD042B13C2D900BE97FF /* MemberView.swift */,
				74565F3D2B0FC7B900458634 /* DebugCoffeeculeView.swift */,
				74A7DD072B13C2D900BE97FF /* Cups */,
				74A7DD0D2B13C2D900BE97FF /* History */,
				74A7DD2B2B13C4D500BE97FF /* Utilities */,
			);
			path = Views;
			sourceTree = "<group>";
		};
		74A7DD2B2B13C4D500BE97FF /* Utilities */ = {
			isa = PBXGroup;
			children = (
				74A7DD272B13C4D300BE97FF /* ChildSizeReader.swift */,
				74B139742B17A42C00683214 /* View+OnChange.swift */,
				74A7DD282B13C4D300BE97FF /* EqualWidthVStack.swift */,
				742F38202B1F628D00864FD3 /* View+If.swift */,
			);
			path = Utilities;
			sourceTree = "<group>";
		};
		74C72B6F2B02E3E300718CAD /* CloudKitService */ = {
			isa = PBXGroup;
			children = (
				74D8DAEF2B0016C7005811AD /* CloudKitServiceTests.swift */,
				74495C0D2B02D45800C1C7F7 /* MockDataContainer.swift */,
				74495C0B2B02D42400C1C7F7 /* MockDatabase.swift */,
				7402D2AA2B0BB19F00183682 /* MockRecords */,
			);
			path = CloudKitService;
			sourceTree = "<group>";
		};
		74D8DAE72B00169E005811AD /* CoffeeculeTDDTests */ = {
			isa = PBXGroup;
			children = (
				74DF62E22B051C28001D82D7 /* CoffeeculeManager */,
				74C72B6F2B02E3E300718CAD /* CloudKitService */,
			);
			path = CoffeeculeTDDTests;
			sourceTree = "<group>";
		};
		74DF62E22B051C28001D82D7 /* CoffeeculeManager */ = {
			isa = PBXGroup;
			children = (
				74DF62E32B051C38001D82D7 /* CoffeeculeManagerTests.swift */,
				74DF62E92B065925001D82D7 /* MockCKService.swift */,
			);
			path = CoffeeculeManager;
			sourceTree = "<group>";
		};
/* End PBXGroup section */

/* Begin PBXNativeTarget section */
		741EA0E22B00144600E0AA09 /* CoffeeculeTDD */ = {
			isa = PBXNativeTarget;
			buildConfigurationList = 741EA1072B00144700E0AA09 /* Build configuration list for PBXNativeTarget "CoffeeculeTDD" */;
			buildPhases = (
				741EA0DF2B00144600E0AA09 /* Sources */,
				741EA0E02B00144600E0AA09 /* Frameworks */,
				741EA0E12B00144600E0AA09 /* Resources */,
			);
			buildRules = (
			);
			dependencies = (
			);
			name = CoffeeculeTDD;
			productName = CoffeeculeTDD;
			productReference = 741EA0E32B00144600E0AA09 /* CoffeeculeTDD.app */;
			productType = "com.apple.product-type.application";
		};
		74D8DAE52B00169E005811AD /* CoffeeculeTDDTests */ = {
			isa = PBXNativeTarget;
			buildConfigurationList = 74D8DAEC2B00169E005811AD /* Build configuration list for PBXNativeTarget "CoffeeculeTDDTests" */;
			buildPhases = (
				74D8DAE22B00169E005811AD /* Sources */,
				74D8DAE32B00169E005811AD /* Frameworks */,
				74D8DAE42B00169E005811AD /* Resources */,
			);
			buildRules = (
			);
			dependencies = (
				74D8DAEB2B00169E005811AD /* PBXTargetDependency */,
			);
			name = CoffeeculeTDDTests;
			productName = CoffeeculeTDDTests;
			productReference = 74D8DAE62B00169E005811AD /* CoffeeculeTDDTests.xctest */;
			productType = "com.apple.product-type.bundle.unit-test";
		};
/* End PBXNativeTarget section */

/* Begin PBXProject section */
		741EA0DB2B00144600E0AA09 /* Project object */ = {
			isa = PBXProject;
			attributes = {
				BuildIndependentTargetsInParallel = 1;
				LastSwiftUpdateCheck = 1500;
				LastUpgradeCheck = 1500;
				TargetAttributes = {
					741EA0E22B00144600E0AA09 = {
						CreatedOnToolsVersion = 15.0;
					};
					74D8DAE52B00169E005811AD = {
						CreatedOnToolsVersion = 15.0;
						TestTargetID = 741EA0E22B00144600E0AA09;
					};
				};
			};
			buildConfigurationList = 741EA0DE2B00144600E0AA09 /* Build configuration list for PBXProject "CoffeeculeTDD" */;
			compatibilityVersion = "Xcode 14.0";
			developmentRegion = en;
			hasScannedForEncodings = 0;
			knownRegions = (
				en,
				Base,
			);
			mainGroup = 741EA0DA2B00144600E0AA09;
			productRefGroup = 741EA0E42B00144600E0AA09 /* Products */;
			projectDirPath = "";
			projectRoot = "";
			targets = (
				741EA0E22B00144600E0AA09 /* CoffeeculeTDD */,
				74D8DAE52B00169E005811AD /* CoffeeculeTDDTests */,
			);
		};
/* End PBXProject section */

/* Begin PBXResourcesBuildPhase section */
		741EA0E12B00144600E0AA09 /* Resources */ = {
			isa = PBXResourcesBuildPhase;
			buildActionMask = 2147483647;
			files = (
				741EA0EE2B00144700E0AA09 /* Preview Assets.xcassets in Resources */,
				741EA0EB2B00144700E0AA09 /* Assets.xcassets in Resources */,
			);
			runOnlyForDeploymentPostprocessing = 0;
		};
		74D8DAE42B00169E005811AD /* Resources */ = {
			isa = PBXResourcesBuildPhase;
			buildActionMask = 2147483647;
			files = (
			);
			runOnlyForDeploymentPostprocessing = 0;
		};
/* End PBXResourcesBuildPhase section */

/* Begin PBXSourcesBuildPhase section */
		741EA0DF2B00144600E0AA09 /* Sources */ = {
			isa = PBXSourcesBuildPhase;
			buildActionMask = 2147483647;
			files = (
				74495BFC2B01968800C1C7F7 /* Coffeecule.swift in Sources */,
				741EA1132B00148D00E0AA09 /* CloudKitService.swift in Sources */,
				74D8DAF82B004564005811AD /* Database.swift in Sources */,
				74DF62E82B064E07001D82D7 /* CKServiceProtocol.swift in Sources */,
				74A7DD1A2B13C2DA00BE97FF /* CupPickerDetail.swift in Sources */,
				74495BFE2B019AB600C1C7F7 /* DataContainer.swift in Sources */,
				7402D2AC2B0C1CF200183682 /* Transaction.swift in Sources */,
				74495C042B02774C00C1C7F7 /* ChildRecord.swift in Sources */,
				747BFA002B041DFB00296BCC /* Relationship.swift in Sources */,
				74DF62E62B051CC1001D82D7 /* CoffeeculeManager.swift in Sources */,
				74A7DD262B13C40200BE97FF /* UserColor.swift in Sources */,
				742F38252B1F698500864FD3 /* CreateOrJoinView.swift in Sources */,
				74A7DD292B13C4D300BE97FF /* ChildSizeReader.swift in Sources */,
				74A7DD1C2B13C2DA00BE97FF /* TransactionHistory.swift in Sources */,
				74565F3E2B0FC7B900458634 /* DebugCoffeeculeView.swift in Sources */,
				74B139712B162C4F00683214 /* IsBuyingSheet.swift in Sources */,
				741EA0E92B00144600E0AA09 /* ContentView.swift in Sources */,
				74A7DD252B13C40200BE97FF /* MugIcon.swift in Sources */,
				74D8DAF42B003212005811AD /* User.swift in Sources */,
				74D8DAF22B002DD6005811AD /* Record.swift in Sources */,
				74A7DD152B13C2DA00BE97FF /* CoffeeculeView.swift in Sources */,
				74B139792B1A27A100683214 /* AddPersonSheet.swift in Sources */,
				74A7DD172B13C2DA00BE97FF /* ColorPickerDetail.swift in Sources */,
				74A7DD1D2B13C2DA00BE97FF /* TransactionHistoryDetail.swift in Sources */,
				74A7DD2A2B13C4D300BE97FF /* EqualWidthVStack.swift in Sources */,
				74B139752B17A42C00683214 /* View+OnChange.swift in Sources */,
				74B1397B2B1A2AD300683214 /* DraggableSheet.swift in Sources */,
				74A7DD1E2B13C2DA00BE97FF /* RelationshipWeb.swift in Sources */,
				741EA0E72B00144600E0AA09 /* CoffeeculeTDDApp.swift in Sources */,
				74A7DD1F2B13C2DA00BE97FF /* HistoryView.swift in Sources */,
				74A7DD132B13C2DA00BE97FF /* AllMembersView.swift in Sources */,
				74A7DD192B13C2DA00BE97FF /* CupView.swift in Sources */,
				74A7DD142B13C2DA00BE97FF /* MemberView.swift in Sources */,
				74A7DD162B13C2DA00BE97FF /* SomeoneElseBuying.swift in Sources */,
				74B139772B19066100683214 /* SelectCoffeeculeSheet.swift in Sources */,
				74A7DD182B13C2DA00BE97FF /* CustomizeCupView.swift in Sources */,
				74A7DD202B13C2DA00BE97FF /* RelationshipWebDetail.swift in Sources */,
				74565F3B2B0FC2EB00458634 /* ContainerInfo.swift in Sources */,
				742F38212B1F628D00864FD3 /* View+If.swift in Sources */,
			);
			runOnlyForDeploymentPostprocessing = 0;
		};
		74D8DAE22B00169E005811AD /* Sources */ = {
			isa = PBXSourcesBuildPhase;
			buildActionMask = 2147483647;
			files = (
				74A6E0002B07C66A0076042D /* MockRecordWithTwoParents.swift in Sources */,
				74DF62E42B051C38001D82D7 /* CoffeeculeManagerTests.swift in Sources */,
				74A6E0022B07E33C0076042D /* MockRecordWithThreeParents.swift in Sources */,
				74495C0A2B02D40700C1C7F7 /* MockRecord.swift in Sources */,
				74DF62EA2B065925001D82D7 /* MockCKService.swift in Sources */,
				74495C0E2B02D45800C1C7F7 /* MockDataContainer.swift in Sources */,
				74495C0C2B02D42400C1C7F7 /* MockDatabase.swift in Sources */,
				74495C102B02D47A00C1C7F7 /* MockChildRecord.swift in Sources */,
				74A6DFFE2B07C6560076042D /* SecondMockRecord.swift in Sources */,
				74D8DAF02B0016C7005811AD /* CloudKitServiceTests.swift in Sources */,
			);
			runOnlyForDeploymentPostprocessing = 0;
		};
/* End PBXSourcesBuildPhase section */

/* Begin PBXTargetDependency section */
		74D8DAEB2B00169E005811AD /* PBXTargetDependency */ = {
			isa = PBXTargetDependency;
			target = 741EA0E22B00144600E0AA09 /* CoffeeculeTDD */;
			targetProxy = 74D8DAEA2B00169E005811AD /* PBXContainerItemProxy */;
		};
/* End PBXTargetDependency section */

/* Begin XCBuildConfiguration section */
		741EA1052B00144700E0AA09 /* Debug */ = {
			isa = XCBuildConfiguration;
			buildSettings = {
				ALWAYS_SEARCH_USER_PATHS = NO;
				ASSETCATALOG_COMPILER_GENERATE_SWIFT_ASSET_SYMBOL_EXTENSIONS = YES;
				CLANG_ANALYZER_NONNULL = YES;
				CLANG_ANALYZER_NUMBER_OBJECT_CONVERSION = YES_AGGRESSIVE;
				CLANG_CXX_LANGUAGE_STANDARD = "gnu++20";
				CLANG_ENABLE_MODULES = YES;
				CLANG_ENABLE_OBJC_ARC = YES;
				CLANG_ENABLE_OBJC_WEAK = YES;
				CLANG_WARN_BLOCK_CAPTURE_AUTORELEASING = YES;
				CLANG_WARN_BOOL_CONVERSION = YES;
				CLANG_WARN_COMMA = YES;
				CLANG_WARN_CONSTANT_CONVERSION = YES;
				CLANG_WARN_DEPRECATED_OBJC_IMPLEMENTATIONS = YES;
				CLANG_WARN_DIRECT_OBJC_ISA_USAGE = YES_ERROR;
				CLANG_WARN_DOCUMENTATION_COMMENTS = YES;
				CLANG_WARN_EMPTY_BODY = YES;
				CLANG_WARN_ENUM_CONVERSION = YES;
				CLANG_WARN_INFINITE_RECURSION = YES;
				CLANG_WARN_INT_CONVERSION = YES;
				CLANG_WARN_NON_LITERAL_NULL_CONVERSION = YES;
				CLANG_WARN_OBJC_IMPLICIT_RETAIN_SELF = YES;
				CLANG_WARN_OBJC_LITERAL_CONVERSION = YES;
				CLANG_WARN_OBJC_ROOT_CLASS = YES_ERROR;
				CLANG_WARN_QUOTED_INCLUDE_IN_FRAMEWORK_HEADER = YES;
				CLANG_WARN_RANGE_LOOP_ANALYSIS = YES;
				CLANG_WARN_STRICT_PROTOTYPES = YES;
				CLANG_WARN_SUSPICIOUS_MOVE = YES;
				CLANG_WARN_UNGUARDED_AVAILABILITY = YES_AGGRESSIVE;
				CLANG_WARN_UNREACHABLE_CODE = YES;
				CLANG_WARN__DUPLICATE_METHOD_MATCH = YES;
				COPY_PHASE_STRIP = NO;
				DEBUG_INFORMATION_FORMAT = dwarf;
				ENABLE_STRICT_OBJC_MSGSEND = YES;
				ENABLE_TESTABILITY = YES;
				ENABLE_USER_SCRIPT_SANDBOXING = YES;
				GCC_C_LANGUAGE_STANDARD = gnu17;
				GCC_DYNAMIC_NO_PIC = NO;
				GCC_NO_COMMON_BLOCKS = YES;
				GCC_OPTIMIZATION_LEVEL = 0;
				GCC_PREPROCESSOR_DEFINITIONS = (
					"DEBUG=1",
					"$(inherited)",
				);
				GCC_WARN_64_TO_32_BIT_CONVERSION = YES;
				GCC_WARN_ABOUT_RETURN_TYPE = YES_ERROR;
				GCC_WARN_UNDECLARED_SELECTOR = YES;
				GCC_WARN_UNINITIALIZED_AUTOS = YES_AGGRESSIVE;
				GCC_WARN_UNUSED_FUNCTION = YES;
				GCC_WARN_UNUSED_VARIABLE = YES;
				IPHONEOS_DEPLOYMENT_TARGET = 17.0;
				LOCALIZATION_PREFERS_STRING_CATALOGS = YES;
				MTL_ENABLE_DEBUG_INFO = INCLUDE_SOURCE;
				MTL_FAST_MATH = YES;
				ONLY_ACTIVE_ARCH = YES;
				SDKROOT = iphoneos;
				SWIFT_ACTIVE_COMPILATION_CONDITIONS = "DEBUG $(inherited)";
				SWIFT_OPTIMIZATION_LEVEL = "-Onone";
			};
			name = Debug;
		};
		741EA1062B00144700E0AA09 /* Release */ = {
			isa = XCBuildConfiguration;
			buildSettings = {
				ALWAYS_SEARCH_USER_PATHS = NO;
				ASSETCATALOG_COMPILER_GENERATE_SWIFT_ASSET_SYMBOL_EXTENSIONS = YES;
				CLANG_ANALYZER_NONNULL = YES;
				CLANG_ANALYZER_NUMBER_OBJECT_CONVERSION = YES_AGGRESSIVE;
				CLANG_CXX_LANGUAGE_STANDARD = "gnu++20";
				CLANG_ENABLE_MODULES = YES;
				CLANG_ENABLE_OBJC_ARC = YES;
				CLANG_ENABLE_OBJC_WEAK = YES;
				CLANG_WARN_BLOCK_CAPTURE_AUTORELEASING = YES;
				CLANG_WARN_BOOL_CONVERSION = YES;
				CLANG_WARN_COMMA = YES;
				CLANG_WARN_CONSTANT_CONVERSION = YES;
				CLANG_WARN_DEPRECATED_OBJC_IMPLEMENTATIONS = YES;
				CLANG_WARN_DIRECT_OBJC_ISA_USAGE = YES_ERROR;
				CLANG_WARN_DOCUMENTATION_COMMENTS = YES;
				CLANG_WARN_EMPTY_BODY = YES;
				CLANG_WARN_ENUM_CONVERSION = YES;
				CLANG_WARN_INFINITE_RECURSION = YES;
				CLANG_WARN_INT_CONVERSION = YES;
				CLANG_WARN_NON_LITERAL_NULL_CONVERSION = YES;
				CLANG_WARN_OBJC_IMPLICIT_RETAIN_SELF = YES;
				CLANG_WARN_OBJC_LITERAL_CONVERSION = YES;
				CLANG_WARN_OBJC_ROOT_CLASS = YES_ERROR;
				CLANG_WARN_QUOTED_INCLUDE_IN_FRAMEWORK_HEADER = YES;
				CLANG_WARN_RANGE_LOOP_ANALYSIS = YES;
				CLANG_WARN_STRICT_PROTOTYPES = YES;
				CLANG_WARN_SUSPICIOUS_MOVE = YES;
				CLANG_WARN_UNGUARDED_AVAILABILITY = YES_AGGRESSIVE;
				CLANG_WARN_UNREACHABLE_CODE = YES;
				CLANG_WARN__DUPLICATE_METHOD_MATCH = YES;
				COPY_PHASE_STRIP = NO;
				DEBUG_INFORMATION_FORMAT = "dwarf-with-dsym";
				ENABLE_NS_ASSERTIONS = NO;
				ENABLE_STRICT_OBJC_MSGSEND = YES;
				ENABLE_USER_SCRIPT_SANDBOXING = YES;
				GCC_C_LANGUAGE_STANDARD = gnu17;
				GCC_NO_COMMON_BLOCKS = YES;
				GCC_WARN_64_TO_32_BIT_CONVERSION = YES;
				GCC_WARN_ABOUT_RETURN_TYPE = YES_ERROR;
				GCC_WARN_UNDECLARED_SELECTOR = YES;
				GCC_WARN_UNINITIALIZED_AUTOS = YES_AGGRESSIVE;
				GCC_WARN_UNUSED_FUNCTION = YES;
				GCC_WARN_UNUSED_VARIABLE = YES;
				IPHONEOS_DEPLOYMENT_TARGET = 17.0;
				LOCALIZATION_PREFERS_STRING_CATALOGS = YES;
				MTL_ENABLE_DEBUG_INFO = NO;
				MTL_FAST_MATH = YES;
				SDKROOT = iphoneos;
				SWIFT_COMPILATION_MODE = wholemodule;
				VALIDATE_PRODUCT = YES;
			};
			name = Release;
		};
		741EA1082B00144700E0AA09 /* Debug */ = {
			isa = XCBuildConfiguration;
			buildSettings = {
				ASSETCATALOG_COMPILER_APPICON_NAME = AppIcon;
				ASSETCATALOG_COMPILER_GLOBAL_ACCENT_COLOR_NAME = AccentColor;
				CODE_SIGN_ENTITLEMENTS = CoffeeculeTDD/CoffeeculeTDD.entitlements;
				CODE_SIGN_STYLE = Automatic;
				CURRENT_PROJECT_VERSION = 1;
				DEVELOPMENT_ASSET_PATHS = "\"CoffeeculeTDD/Preview Content\"";
				DEVELOPMENT_TEAM = 3UR85MK9RT;
				ENABLE_PREVIEWS = YES;
				GENERATE_INFOPLIST_FILE = YES;
				INFOPLIST_KEY_UIApplicationSceneManifest_Generation = YES;
				INFOPLIST_KEY_UIApplicationSupportsIndirectInputEvents = YES;
				INFOPLIST_KEY_UILaunchScreen_Generation = YES;
				INFOPLIST_KEY_UISupportedInterfaceOrientations_iPad = "UIInterfaceOrientationPortrait UIInterfaceOrientationPortraitUpsideDown UIInterfaceOrientationLandscapeLeft UIInterfaceOrientationLandscapeRight";
				INFOPLIST_KEY_UISupportedInterfaceOrientations_iPhone = "UIInterfaceOrientationPortrait UIInterfaceOrientationLandscapeLeft UIInterfaceOrientationLandscapeRight";
				LD_RUNPATH_SEARCH_PATHS = (
					"$(inherited)",
					"@executable_path/Frameworks",
				);
				MARKETING_VERSION = 1.0;
				PRODUCT_BUNDLE_IDENTIFIER = com.CoryTripathy.CoffeeculeTDD;
				PRODUCT_NAME = "$(TARGET_NAME)";
				SWIFT_EMIT_LOC_STRINGS = YES;
				SWIFT_VERSION = 5.0;
				TARGETED_DEVICE_FAMILY = "1,2";
			};
			name = Debug;
		};
		741EA1092B00144700E0AA09 /* Release */ = {
			isa = XCBuildConfiguration;
			buildSettings = {
				ASSETCATALOG_COMPILER_APPICON_NAME = AppIcon;
				ASSETCATALOG_COMPILER_GLOBAL_ACCENT_COLOR_NAME = AccentColor;
				CODE_SIGN_ENTITLEMENTS = CoffeeculeTDD/CoffeeculeTDD.entitlements;
				CODE_SIGN_STYLE = Automatic;
				CURRENT_PROJECT_VERSION = 1;
				DEVELOPMENT_ASSET_PATHS = "\"CoffeeculeTDD/Preview Content\"";
				DEVELOPMENT_TEAM = 3UR85MK9RT;
				ENABLE_PREVIEWS = YES;
				GENERATE_INFOPLIST_FILE = YES;
				INFOPLIST_KEY_UIApplicationSceneManifest_Generation = YES;
				INFOPLIST_KEY_UIApplicationSupportsIndirectInputEvents = YES;
				INFOPLIST_KEY_UILaunchScreen_Generation = YES;
				INFOPLIST_KEY_UISupportedInterfaceOrientations_iPad = "UIInterfaceOrientationPortrait UIInterfaceOrientationPortraitUpsideDown UIInterfaceOrientationLandscapeLeft UIInterfaceOrientationLandscapeRight";
				INFOPLIST_KEY_UISupportedInterfaceOrientations_iPhone = "UIInterfaceOrientationPortrait UIInterfaceOrientationLandscapeLeft UIInterfaceOrientationLandscapeRight";
				LD_RUNPATH_SEARCH_PATHS = (
					"$(inherited)",
					"@executable_path/Frameworks",
				);
				MARKETING_VERSION = 1.0;
				PRODUCT_BUNDLE_IDENTIFIER = com.CoryTripathy.CoffeeculeTDD;
				PRODUCT_NAME = "$(TARGET_NAME)";
				SWIFT_EMIT_LOC_STRINGS = YES;
				SWIFT_VERSION = 5.0;
				TARGETED_DEVICE_FAMILY = "1,2";
			};
			name = Release;
		};
		74D8DAED2B00169E005811AD /* Debug */ = {
			isa = XCBuildConfiguration;
			buildSettings = {
				BUNDLE_LOADER = "$(TEST_HOST)";
				CODE_SIGN_STYLE = Automatic;
				CURRENT_PROJECT_VERSION = 1;
				DEVELOPMENT_TEAM = 3UR85MK9RT;
				GENERATE_INFOPLIST_FILE = YES;
				MARKETING_VERSION = 1.0;
				PRODUCT_BUNDLE_IDENTIFIER = com.CoryTripathy.CoffeeculeTDDTests;
				PRODUCT_NAME = "$(TARGET_NAME)";
				SUPPORTED_PLATFORMS = "iphoneos iphonesimulator macosx";
				SUPPORTS_MACCATALYST = YES;
				SUPPORTS_MAC_DESIGNED_FOR_IPHONE_IPAD = NO;
				SWIFT_EMIT_LOC_STRINGS = NO;
				SWIFT_VERSION = 5.0;
				TARGETED_DEVICE_FAMILY = "1,2";
				TEST_HOST = "$(BUILT_PRODUCTS_DIR)/CoffeeculeTDD.app/$(BUNDLE_EXECUTABLE_FOLDER_PATH)/CoffeeculeTDD";
			};
			name = Debug;
		};
		74D8DAEE2B00169E005811AD /* Release */ = {
			isa = XCBuildConfiguration;
			buildSettings = {
				BUNDLE_LOADER = "$(TEST_HOST)";
				CODE_SIGN_STYLE = Automatic;
				CURRENT_PROJECT_VERSION = 1;
				DEVELOPMENT_TEAM = 3UR85MK9RT;
				GENERATE_INFOPLIST_FILE = YES;
				MARKETING_VERSION = 1.0;
				PRODUCT_BUNDLE_IDENTIFIER = com.CoryTripathy.CoffeeculeTDDTests;
				PRODUCT_NAME = "$(TARGET_NAME)";
				SUPPORTED_PLATFORMS = "iphoneos iphonesimulator macosx";
				SUPPORTS_MACCATALYST = YES;
				SUPPORTS_MAC_DESIGNED_FOR_IPHONE_IPAD = NO;
				SWIFT_EMIT_LOC_STRINGS = NO;
				SWIFT_VERSION = 5.0;
				TARGETED_DEVICE_FAMILY = "1,2";
				TEST_HOST = "$(BUILT_PRODUCTS_DIR)/CoffeeculeTDD.app/$(BUNDLE_EXECUTABLE_FOLDER_PATH)/CoffeeculeTDD";
			};
			name = Release;
		};
/* End XCBuildConfiguration section */

/* Begin XCConfigurationList section */
		741EA0DE2B00144600E0AA09 /* Build configuration list for PBXProject "CoffeeculeTDD" */ = {
			isa = XCConfigurationList;
			buildConfigurations = (
				741EA1052B00144700E0AA09 /* Debug */,
				741EA1062B00144700E0AA09 /* Release */,
			);
			defaultConfigurationIsVisible = 0;
			defaultConfigurationName = Release;
		};
		741EA1072B00144700E0AA09 /* Build configuration list for PBXNativeTarget "CoffeeculeTDD" */ = {
			isa = XCConfigurationList;
			buildConfigurations = (
				741EA1082B00144700E0AA09 /* Debug */,
				741EA1092B00144700E0AA09 /* Release */,
			);
			defaultConfigurationIsVisible = 0;
			defaultConfigurationName = Release;
		};
		74D8DAEC2B00169E005811AD /* Build configuration list for PBXNativeTarget "CoffeeculeTDDTests" */ = {
			isa = XCConfigurationList;
			buildConfigurations = (
				74D8DAED2B00169E005811AD /* Debug */,
				74D8DAEE2B00169E005811AD /* Release */,
			);
			defaultConfigurationIsVisible = 0;
			defaultConfigurationName = Release;
		};
/* End XCConfigurationList section */
	};
	rootObject = 741EA0DB2B00144600E0AA09 /* Project object */;
}
